// !$*UTF8*$!
{
	archiveVersion = 1;
	classes = {
	};
	objectVersion = 50;
	objects = {

/* Begin PBXBuildFile section */
		B03574B024B8939900F4492B /* AppDelegate.swift in Sources */ = {isa = PBXBuildFile; fileRef = B03574AF24B8939900F4492B /* AppDelegate.swift */; };
		B03574B224B8939900F4492B /* SceneDelegate.swift in Sources */ = {isa = PBXBuildFile; fileRef = B03574B124B8939900F4492B /* SceneDelegate.swift */; };
		B03574B424B8939900F4492B /* MainViewController.swift in Sources */ = {isa = PBXBuildFile; fileRef = B03574B324B8939900F4492B /* MainViewController.swift */; };
		B03574B724B8939900F4492B /* Main.storyboard in Resources */ = {isa = PBXBuildFile; fileRef = B03574B524B8939900F4492B /* Main.storyboard */; };
		B03574B924B8939A00F4492B /* Assets.xcassets in Resources */ = {isa = PBXBuildFile; fileRef = B03574B824B8939A00F4492B /* Assets.xcassets */; };
		B03574BC24B8939A00F4492B /* LaunchScreen.storyboard in Resources */ = {isa = PBXBuildFile; fileRef = B03574BA24B8939A00F4492B /* LaunchScreen.storyboard */; };
		B05E4ECC2540083000ECE353 /* OpenSans-SemiBold.ttf in Resources */ = {isa = PBXBuildFile; fileRef = B05E4EC12540083000ECE353 /* OpenSans-SemiBold.ttf */; };
		B05E4ECD2540083000ECE353 /* OpenSans-Light.ttf in Resources */ = {isa = PBXBuildFile; fileRef = B05E4EC22540083000ECE353 /* OpenSans-Light.ttf */; };
		B05E4ECE2540083000ECE353 /* OpenSans-Italic.ttf in Resources */ = {isa = PBXBuildFile; fileRef = B05E4EC32540083000ECE353 /* OpenSans-Italic.ttf */; };
		B05E4ECF2540083000ECE353 /* OpenSans-ExtraBold.ttf in Resources */ = {isa = PBXBuildFile; fileRef = B05E4EC42540083000ECE353 /* OpenSans-ExtraBold.ttf */; };
		B05E4ED02540083000ECE353 /* OpenSans-LightItalic.ttf in Resources */ = {isa = PBXBuildFile; fileRef = B05E4EC52540083000ECE353 /* OpenSans-LightItalic.ttf */; };
		B05E4ED12540083000ECE353 /* OpenSans-Bold.ttf in Resources */ = {isa = PBXBuildFile; fileRef = B05E4EC62540083000ECE353 /* OpenSans-Bold.ttf */; };
		B05E4ED22540083000ECE353 /* OpenSans-SemiBoldItalic.ttf in Resources */ = {isa = PBXBuildFile; fileRef = B05E4EC72540083000ECE353 /* OpenSans-SemiBoldItalic.ttf */; };
		B05E4ED32540083000ECE353 /* OpenSans-ExtraBoldItalic.ttf in Resources */ = {isa = PBXBuildFile; fileRef = B05E4EC82540083000ECE353 /* OpenSans-ExtraBoldItalic.ttf */; };
		B05E4ED42540083000ECE353 /* LICENSE.txt in Resources */ = {isa = PBXBuildFile; fileRef = B05E4EC92540083000ECE353 /* LICENSE.txt */; };
		B05E4ED52540083000ECE353 /* OpenSans-Regular.ttf in Resources */ = {isa = PBXBuildFile; fileRef = B05E4ECA2540083000ECE353 /* OpenSans-Regular.ttf */; };
		B05E4ED62540083000ECE353 /* OpenSans-BoldItalic.ttf in Resources */ = {isa = PBXBuildFile; fileRef = B05E4ECB2540083000ECE353 /* OpenSans-BoldItalic.ttf */; };
		B0F8473424C75FB7009FD9EC /* CalculatorController.swift in Sources */ = {isa = PBXBuildFile; fileRef = B0F8473324C75FB7009FD9EC /* CalculatorController.swift */; };
/* End PBXBuildFile section */

/* Begin PBXFileReference section */
		B03574AC24B8939900F4492B /* calculatorForiPad.app */ = {isa = PBXFileReference; explicitFileType = wrapper.application; includeInIndex = 0; path = calculatorForiPad.app; sourceTree = BUILT_PRODUCTS_DIR; };
		B03574AF24B8939900F4492B /* AppDelegate.swift */ = {isa = PBXFileReference; lastKnownFileType = sourcecode.swift; path = AppDelegate.swift; sourceTree = "<group>"; };
		B03574B124B8939900F4492B /* SceneDelegate.swift */ = {isa = PBXFileReference; lastKnownFileType = sourcecode.swift; path = SceneDelegate.swift; sourceTree = "<group>"; };
		B03574B324B8939900F4492B /* MainViewController.swift */ = {isa = PBXFileReference; lastKnownFileType = sourcecode.swift; path = MainViewController.swift; sourceTree = "<group>"; };
		B03574B624B8939900F4492B /* Base */ = {isa = PBXFileReference; lastKnownFileType = file.storyboard; name = Base; path = Base.lproj/Main.storyboard; sourceTree = "<group>"; };
		B03574B824B8939A00F4492B /* Assets.xcassets */ = {isa = PBXFileReference; lastKnownFileType = folder.assetcatalog; path = Assets.xcassets; sourceTree = "<group>"; };
		B03574BB24B8939A00F4492B /* Base */ = {isa = PBXFileReference; lastKnownFileType = file.storyboard; name = Base; path = Base.lproj/LaunchScreen.storyboard; sourceTree = "<group>"; };
		B03574BD24B8939A00F4492B /* Info.plist */ = {isa = PBXFileReference; lastKnownFileType = text.plist.xml; path = Info.plist; sourceTree = "<group>"; };
		B05E4EC12540083000ECE353 /* OpenSans-SemiBold.ttf */ = {isa = PBXFileReference; lastKnownFileType = file; path = "OpenSans-SemiBold.ttf"; sourceTree = "<group>"; };
		B05E4EC22540083000ECE353 /* OpenSans-Light.ttf */ = {isa = PBXFileReference; lastKnownFileType = file; path = "OpenSans-Light.ttf"; sourceTree = "<group>"; };
		B05E4EC32540083000ECE353 /* OpenSans-Italic.ttf */ = {isa = PBXFileReference; lastKnownFileType = file; path = "OpenSans-Italic.ttf"; sourceTree = "<group>"; };
		B05E4EC42540083000ECE353 /* OpenSans-ExtraBold.ttf */ = {isa = PBXFileReference; lastKnownFileType = file; path = "OpenSans-ExtraBold.ttf"; sourceTree = "<group>"; };
		B05E4EC52540083000ECE353 /* OpenSans-LightItalic.ttf */ = {isa = PBXFileReference; lastKnownFileType = file; path = "OpenSans-LightItalic.ttf"; sourceTree = "<group>"; };
		B05E4EC62540083000ECE353 /* OpenSans-Bold.ttf */ = {isa = PBXFileReference; lastKnownFileType = file; path = "OpenSans-Bold.ttf"; sourceTree = "<group>"; };
		B05E4EC72540083000ECE353 /* OpenSans-SemiBoldItalic.ttf */ = {isa = PBXFileReference; lastKnownFileType = file; path = "OpenSans-SemiBoldItalic.ttf"; sourceTree = "<group>"; };
		B05E4EC82540083000ECE353 /* OpenSans-ExtraBoldItalic.ttf */ = {isa = PBXFileReference; lastKnownFileType = file; path = "OpenSans-ExtraBoldItalic.ttf"; sourceTree = "<group>"; };
		B05E4EC92540083000ECE353 /* LICENSE.txt */ = {isa = PBXFileReference; fileEncoding = 4; lastKnownFileType = text; path = LICENSE.txt; sourceTree = "<group>"; };
		B05E4ECA2540083000ECE353 /* OpenSans-Regular.ttf */ = {isa = PBXFileReference; lastKnownFileType = file; path = "OpenSans-Regular.ttf"; sourceTree = "<group>"; };
		B05E4ECB2540083000ECE353 /* OpenSans-BoldItalic.ttf */ = {isa = PBXFileReference; lastKnownFileType = file; path = "OpenSans-BoldItalic.ttf"; sourceTree = "<group>"; };
		B0F8473324C75FB7009FD9EC /* CalculatorController.swift */ = {isa = PBXFileReference; lastKnownFileType = sourcecode.swift; path = CalculatorController.swift; sourceTree = "<group>"; };
/* End PBXFileReference section */

/* Begin PBXFrameworksBuildPhase section */
		B03574A924B8939900F4492B /* Frameworks */ = {
			isa = PBXFrameworksBuildPhase;
			buildActionMask = 2147483647;
			files = (
			);
			runOnlyForDeploymentPostprocessing = 0;
		};
/* End PBXFrameworksBuildPhase section */

/* Begin PBXGroup section */
		B031F5CA28A2D86200205288 /* Controller */ = {
			isa = PBXGroup;
			children = (
				B031F5CC28A2D94F00205288 /* Delegate */,
				B03574B324B8939900F4492B /* MainViewController.swift */,
				B0F8473324C75FB7009FD9EC /* CalculatorController.swift */,
			);
			path = Controller;
			sourceTree = "<group>";
		};
		B031F5CB28A2D90400205288 /* Supporting */ = {
			isa = PBXGroup;
			children = (
				B03574B824B8939A00F4492B /* Assets.xcassets */,
				B05E4EC02540083000ECE353 /* Open_Sans */,
				B03574BD24B8939A00F4492B /* Info.plist */,
			);
			path = Supporting;
			sourceTree = "<group>";
		};
		B031F5CC28A2D94F00205288 /* Delegate */ = {
			isa = PBXGroup;
			children = (
				B03574AF24B8939900F4492B /* AppDelegate.swift */,
				B03574B124B8939900F4492B /* SceneDelegate.swift */,
			);
			path = Delegate;
			sourceTree = "<group>";
		};
		B03574A324B8939900F4492B = {
			isa = PBXGroup;
			children = (
				B03574AE24B8939900F4492B /* calculatorForiPad */,
				B03574AD24B8939900F4492B /* Products */,
			);
			sourceTree = "<group>";
		};
		B03574AD24B8939900F4492B /* Products */ = {
			isa = PBXGroup;
			children = (
				B03574AC24B8939900F4492B /* calculatorForiPad.app */,
			);
			name = Products;
			sourceTree = "<group>";
		};
		B03574AE24B8939900F4492B /* calculatorForiPad */ = {
			isa = PBXGroup;
			children = (
				B0AA0A0924C7113300C18420 /* Model */,
				B0AA0A0824C7110F00C18420 /* View */,
				B031F5CA28A2D86200205288 /* Controller */,
				B031F5CB28A2D90400205288 /* Supporting */,
			);
			path = calculatorForiPad;
			sourceTree = "<group>";
		};
		B05E4EC02540083000ECE353 /* Open_Sans */ = {
			isa = PBXGroup;
			children = (
				B05E4EC12540083000ECE353 /* OpenSans-SemiBold.ttf */,
				B05E4EC22540083000ECE353 /* OpenSans-Light.ttf */,
				B05E4EC32540083000ECE353 /* OpenSans-Italic.ttf */,
				B05E4EC42540083000ECE353 /* OpenSans-ExtraBold.ttf */,
				B05E4EC52540083000ECE353 /* OpenSans-LightItalic.ttf */,
				B05E4EC62540083000ECE353 /* OpenSans-Bold.ttf */,
				B05E4EC72540083000ECE353 /* OpenSans-SemiBoldItalic.ttf */,
				B05E4EC82540083000ECE353 /* OpenSans-ExtraBoldItalic.ttf */,
				B05E4EC92540083000ECE353 /* LICENSE.txt */,
				B05E4ECA2540083000ECE353 /* OpenSans-Regular.ttf */,
				B05E4ECB2540083000ECE353 /* OpenSans-BoldItalic.ttf */,
			);
			path = Open_Sans;
			sourceTree = "<group>";
		};
		B0AA0A0824C7110F00C18420 /* View */ = {
			isa = PBXGroup;
			children = (
				B03574B524B8939900F4492B /* Main.storyboard */,
				B03574BA24B8939A00F4492B /* LaunchScreen.storyboard */,
			);
			path = View;
			sourceTree = "<group>";
		};
		B0AA0A0924C7113300C18420 /* Model */ = {
			isa = PBXGroup;
			children = (
			);
			path = Model;
			sourceTree = "<group>";
		};
/* End PBXGroup section */

/* Begin PBXNativeTarget section */
		B03574AB24B8939900F4492B /* calculatorForiPad */ = {
			isa = PBXNativeTarget;
			buildConfigurationList = B03574C024B8939A00F4492B /* Build configuration list for PBXNativeTarget "calculatorForiPad" */;
			buildPhases = (
				B03574A824B8939900F4492B /* Sources */,
				B03574A924B8939900F4492B /* Frameworks */,
				B03574AA24B8939900F4492B /* Resources */,
			);
			buildRules = (
			);
			dependencies = (
			);
			name = calculatorForiPad;
			productName = calculatorForiPad;
			productReference = B03574AC24B8939900F4492B /* calculatorForiPad.app */;
			productType = "com.apple.product-type.application";
		};
/* End PBXNativeTarget section */

/* Begin PBXProject section */
		B03574A424B8939900F4492B /* Project object */ = {
			isa = PBXProject;
			attributes = {
				LastSwiftUpdateCheck = 1130;
				LastUpgradeCheck = 1320;
				ORGANIZATIONNAME = NasybullinSergei;
				TargetAttributes = {
					B03574AB24B8939900F4492B = {
						CreatedOnToolsVersion = 11.3.1;
					};
				};
			};
			buildConfigurationList = B03574A724B8939900F4492B /* Build configuration list for PBXProject "calculatorForiPad" */;
			compatibilityVersion = "Xcode 9.3";
			developmentRegion = en;
			hasScannedForEncodings = 0;
			knownRegions = (
				en,
				Base,
			);
			mainGroup = B03574A324B8939900F4492B;
			productRefGroup = B03574AD24B8939900F4492B /* Products */;
			projectDirPath = "";
			projectRoot = "";
			targets = (
				B03574AB24B8939900F4492B /* calculatorForiPad */,
			);
		};
/* End PBXProject section */

/* Begin PBXResourcesBuildPhase section */
		B03574AA24B8939900F4492B /* Resources */ = {
			isa = PBXResourcesBuildPhase;
			buildActionMask = 2147483647;
			files = (
				B05E4ED42540083000ECE353 /* LICENSE.txt in Resources */,
				B05E4ECC2540083000ECE353 /* OpenSans-SemiBold.ttf in Resources */,
				B03574BC24B8939A00F4492B /* LaunchScreen.storyboard in Resources */,
				B05E4ECF2540083000ECE353 /* OpenSans-ExtraBold.ttf in Resources */,
				B03574B924B8939A00F4492B /* Assets.xcassets in Resources */,
				B05E4ED22540083000ECE353 /* OpenSans-SemiBoldItalic.ttf in Resources */,
				B05E4ECE2540083000ECE353 /* OpenSans-Italic.ttf in Resources */,
				B05E4ED12540083000ECE353 /* OpenSans-Bold.ttf in Resources */,
				B05E4ECD2540083000ECE353 /* OpenSans-Light.ttf in Resources */,
				B05E4ED02540083000ECE353 /* OpenSans-LightItalic.ttf in Resources */,
				B05E4ED62540083000ECE353 /* OpenSans-BoldItalic.ttf in Resources */,
				B05E4ED32540083000ECE353 /* OpenSans-ExtraBoldItalic.ttf in Resources */,
				B05E4ED52540083000ECE353 /* OpenSans-Regular.ttf in Resources */,
				B03574B724B8939900F4492B /* Main.storyboard in Resources */,
			);
			runOnlyForDeploymentPostprocessing = 0;
		};
/* End PBXResourcesBuildPhase section */

/* Begin PBXSourcesBuildPhase section */
		B03574A824B8939900F4492B /* Sources */ = {
			isa = PBXSourcesBuildPhase;
			buildActionMask = 2147483647;
			files = (
				B03574B424B8939900F4492B /* MainViewController.swift in Sources */,
				B0F8473424C75FB7009FD9EC /* CalculatorController.swift in Sources */,
				B03574B024B8939900F4492B /* AppDelegate.swift in Sources */,
				B03574B224B8939900F4492B /* SceneDelegate.swift in Sources */,
			);
			runOnlyForDeploymentPostprocessing = 0;
		};
/* End PBXSourcesBuildPhase section */

/* Begin PBXVariantGroup section */
		B03574B524B8939900F4492B /* Main.storyboard */ = {
			isa = PBXVariantGroup;
			children = (
				B03574B624B8939900F4492B /* Base */,
			);
			name = Main.storyboard;
			sourceTree = "<group>";
		};
		B03574BA24B8939A00F4492B /* LaunchScreen.storyboard */ = {
			isa = PBXVariantGroup;
			children = (
				B03574BB24B8939A00F4492B /* Base */,
			);
			name = LaunchScreen.storyboard;
			sourceTree = "<group>";
		};
/* End PBXVariantGroup section */

/* Begin XCBuildConfiguration section */
		B03574BE24B8939A00F4492B /* Debug */ = {
			isa = XCBuildConfiguration;
			buildSettings = {
				ALWAYS_SEARCH_USER_PATHS = NO;
				CLANG_ANALYZER_NONNULL = YES;
				CLANG_ANALYZER_NUMBER_OBJECT_CONVERSION = YES_AGGRESSIVE;
				CLANG_CXX_LANGUAGE_STANDARD = "gnu++14";
				CLANG_CXX_LIBRARY = "libc++";
				CLANG_ENABLE_MODULES = YES;
				CLANG_ENABLE_OBJC_ARC = YES;
				CLANG_ENABLE_OBJC_WEAK = YES;
				CLANG_WARN_BLOCK_CAPTURE_AUTORELEASING = YES;
				CLANG_WARN_BOOL_CONVERSION = YES;
				CLANG_WARN_COMMA = YES;
				CLANG_WARN_CONSTANT_CONVERSION = YES;
				CLANG_WARN_DEPRECATED_OBJC_IMPLEMENTATIONS = YES;
				CLANG_WARN_DIRECT_OBJC_ISA_USAGE = YES_ERROR;
				CLANG_WARN_DOCUMENTATION_COMMENTS = YES;
				CLANG_WARN_EMPTY_BODY = YES;
				CLANG_WARN_ENUM_CONVERSION = YES;
				CLANG_WARN_INFINITE_RECURSION = YES;
				CLANG_WARN_INT_CONVERSION = YES;
				CLANG_WARN_NON_LITERAL_NULL_CONVERSION = YES;
				CLANG_WARN_OBJC_IMPLICIT_RETAIN_SELF = YES;
				CLANG_WARN_OBJC_LITERAL_CONVERSION = YES;
				CLANG_WARN_OBJC_ROOT_CLASS = YES_ERROR;
				CLANG_WARN_QUOTED_INCLUDE_IN_FRAMEWORK_HEADER = YES;
				CLANG_WARN_RANGE_LOOP_ANALYSIS = YES;
				CLANG_WARN_STRICT_PROTOTYPES = YES;
				CLANG_WARN_SUSPICIOUS_MOVE = YES;
				CLANG_WARN_UNGUARDED_AVAILABILITY = YES_AGGRESSIVE;
				CLANG_WARN_UNREACHABLE_CODE = YES;
				CLANG_WARN__DUPLICATE_METHOD_MATCH = YES;
				COPY_PHASE_STRIP = NO;
				DEBUG_INFORMATION_FORMAT = dwarf;
				ENABLE_STRICT_OBJC_MSGSEND = YES;
				ENABLE_TESTABILITY = YES;
				GCC_C_LANGUAGE_STANDARD = gnu11;
				GCC_DYNAMIC_NO_PIC = NO;
				GCC_NO_COMMON_BLOCKS = YES;
				GCC_OPTIMIZATION_LEVEL = 0;
				GCC_PREPROCESSOR_DEFINITIONS = (
					"DEBUG=1",
					"$(inherited)",
				);
				GCC_WARN_64_TO_32_BIT_CONVERSION = YES;
				GCC_WARN_ABOUT_RETURN_TYPE = YES_ERROR;
				GCC_WARN_UNDECLARED_SELECTOR = YES;
				GCC_WARN_UNINITIALIZED_AUTOS = YES_AGGRESSIVE;
				GCC_WARN_UNUSED_FUNCTION = YES;
				GCC_WARN_UNUSED_VARIABLE = YES;
				IPHONEOS_DEPLOYMENT_TARGET = 13.2;
				MTL_ENABLE_DEBUG_INFO = INCLUDE_SOURCE;
				MTL_FAST_MATH = YES;
				ONLY_ACTIVE_ARCH = YES;
				SDKROOT = iphoneos;
				SWIFT_ACTIVE_COMPILATION_CONDITIONS = DEBUG;
				SWIFT_OPTIMIZATION_LEVEL = "-Onone";
			};
			name = Debug;
		};
		B03574BF24B8939A00F4492B /* Release */ = {
			isa = XCBuildConfiguration;
			buildSettings = {
				ALWAYS_SEARCH_USER_PATHS = NO;
				CLANG_ANALYZER_NONNULL = YES;
				CLANG_ANALYZER_NUMBER_OBJECT_CONVERSION = YES_AGGRESSIVE;
				CLANG_CXX_LANGUAGE_STANDARD = "gnu++14";
				CLANG_CXX_LIBRARY = "libc++";
				CLANG_ENABLE_MODULES = YES;
				CLANG_ENABLE_OBJC_ARC = YES;
				CLANG_ENABLE_OBJC_WEAK = YES;
				CLANG_WARN_BLOCK_CAPTURE_AUTORELEASING = YES;
				CLANG_WARN_BOOL_CONVERSION = YES;
				CLANG_WARN_COMMA = YES;
				CLANG_WARN_CONSTANT_CONVERSION = YES;
				CLANG_WARN_DEPRECATED_OBJC_IMPLEMENTATIONS = YES;
				CLANG_WARN_DIRECT_OBJC_ISA_USAGE = YES_ERROR;
				CLANG_WARN_DOCUMENTATION_COMMENTS = YES;
				CLANG_WARN_EMPTY_BODY = YES;
				CLANG_WARN_ENUM_CONVERSION = YES;
				CLANG_WARN_INFINITE_RECURSION = YES;
				CLANG_WARN_INT_CONVERSION = YES;
				CLANG_WARN_NON_LITERAL_NULL_CONVERSION = YES;
				CLANG_WARN_OBJC_IMPLICIT_RETAIN_SELF = YES;
				CLANG_WARN_OBJC_LITERAL_CONVERSION = YES;
				CLANG_WARN_OBJC_ROOT_CLASS = YES_ERROR;
				CLANG_WARN_QUOTED_INCLUDE_IN_FRAMEWORK_HEADER = YES;
				CLANG_WARN_RANGE_LOOP_ANALYSIS = YES;
				CLANG_WARN_STRICT_PROTOTYPES = YES;
				CLANG_WARN_SUSPICIOUS_MOVE = YES;
				CLANG_WARN_UNGUARDED_AVAILABILITY = YES_AGGRESSIVE;
				CLANG_WARN_UNREACHABLE_CODE = YES;
				CLANG_WARN__DUPLICATE_METHOD_MATCH = YES;
				COPY_PHASE_STRIP = NO;
				DEBUG_INFORMATION_FORMAT = "dwarf-with-dsym";
				ENABLE_NS_ASSERTIONS = NO;
				ENABLE_STRICT_OBJC_MSGSEND = YES;
				GCC_C_LANGUAGE_STANDARD = gnu11;
				GCC_NO_COMMON_BLOCKS = YES;
				GCC_WARN_64_TO_32_BIT_CONVERSION = YES;
				GCC_WARN_ABOUT_RETURN_TYPE = YES_ERROR;
				GCC_WARN_UNDECLARED_SELECTOR = YES;
				GCC_WARN_UNINITIALIZED_AUTOS = YES_AGGRESSIVE;
				GCC_WARN_UNUSED_FUNCTION = YES;
				GCC_WARN_UNUSED_VARIABLE = YES;
				IPHONEOS_DEPLOYMENT_TARGET = 13.2;
				MTL_ENABLE_DEBUG_INFO = NO;
				MTL_FAST_MATH = YES;
				SDKROOT = iphoneos;
				SWIFT_COMPILATION_MODE = wholemodule;
				SWIFT_OPTIMIZATION_LEVEL = "-O";
				VALIDATE_PRODUCT = YES;
			};
			name = Release;
		};
		B03574C124B8939A00F4492B /* Debug */ = {
			isa = XCBuildConfiguration;
			buildSettings = {
				ASSETCATALOG_COMPILER_APPICON_NAME = AppIcon;
				CODE_SIGN_STYLE = Automatic;
				DEVELOPMENT_TEAM = VJ7AN5PN54;
				INFOPLIST_FILE = "$(SRCROOT)/calculatorForiPad/Supporting/Info.plist";
				IPHONEOS_DEPLOYMENT_TARGET = 13.0;
				LD_RUNPATH_SEARCH_PATHS = (
					"$(inherited)",
					"@executable_path/Frameworks",
				);
				PRODUCT_BUNDLE_IDENTIFIER = com.Serfodi.calculatorForiPad;
				PRODUCT_NAME = "$(TARGET_NAME)";
				SWIFT_VERSION = 5.0;
				TARGETED_DEVICE_FAMILY = 2;
			};
			name = Debug;
		};
		B03574C224B8939A00F4492B /* Release */ = {
			isa = XCBuildConfiguration;
			buildSettings = {
				ASSETCATALOG_COMPILER_APPICON_NAME = AppIcon;
				CODE_SIGN_STYLE = Automatic;
				DEVELOPMENT_TEAM = VJ7AN5PN54;
				INFOPLIST_FILE = "$(SRCROOT)/calculatorForiPad/Supporting/Info.plist";
				IPHONEOS_DEPLOYMENT_TARGET = 13.0;
				LD_RUNPATH_SEARCH_PATHS = (
					"$(inherited)",
					"@executable_path/Frameworks",
				);
				PRODUCT_BUNDLE_IDENTIFIER = com.Serfodi.calculatorForiPad;
				PRODUCT_NAME = "$(TARGET_NAME)";
				SWIFT_VERSION = 5.0;
				TARGETED_DEVICE_FAMILY = 2;
			};
			name = Release;
		};
/* End XCBuildConfiguration section */

/* Begin XCConfigurationList section */
		B03574A724B8939900F4492B /* Build configuration list for PBXProject "calculatorForiPad" */ = {
			isa = XCConfigurationList;
			buildConfigurations = (
				B03574BE24B8939A00F4492B /* Debug */,
				B03574BF24B8939A00F4492B /* Release */,
			);
			defaultConfigurationIsVisible = 0;
			defaultConfigurationName = Release;
		};
		B03574C024B8939A00F4492B /* Build configuration list for PBXNativeTarget "calculatorForiPad" */ = {
			isa = XCConfigurationList;
			buildConfigurations = (
				B03574C124B8939A00F4492B /* Debug */,
				B03574C224B8939A00F4492B /* Release */,
			);
			defaultConfigurationIsVisible = 0;
			defaultConfigurationName = Release;
		};
/* End XCConfigurationList section */
	};
	rootObject = B03574A424B8939900F4492B /* Project object */;
}
